// !$*UTF8*$!
{
	archiveVersion = 1;
	classes = {
	};
	objectVersion = 50;
	objects = {

/* Begin PBXBuildFile section */
		7F20C180248BFC500029A53B /* TableViewController.swift in Sources */ = {isa = PBXBuildFile; fileRef = 7F20C17F248BFC500029A53B /* TableViewController.swift */; };
		7F20C182248BFC9D0029A53B /* AudioVisualizer.swift in Sources */ = {isa = PBXBuildFile; fileRef = 7F20C181248BFC9D0029A53B /* AudioVisualizer.swift */; };
		7F20C184248BFCAF0029A53B /* AudioRecorderController.swift in Sources */ = {isa = PBXBuildFile; fileRef = 7F20C183248BFCAF0029A53B /* AudioRecorderController.swift */; };
		7F20C186248BFD900029A53B /* piano.mp3 in Resources */ = {isa = PBXBuildFile; fileRef = 7F20C185248BFD900029A53B /* piano.mp3 */; };
		7F20C18A248C0DA80029A53B /* CustomNetworkRequest.swift in Sources */ = {isa = PBXBuildFile; fileRef = 7F20C189248C0DA80029A53B /* CustomNetworkRequest.swift */; };
		7F875CCC248BF95200A0E9CB /* AppDelegate.swift in Sources */ = {isa = PBXBuildFile; fileRef = 7F875CCB248BF95200A0E9CB /* AppDelegate.swift */; };
		7F875CCE248BF95200A0E9CB /* SceneDelegate.swift in Sources */ = {isa = PBXBuildFile; fileRef = 7F875CCD248BF95200A0E9CB /* SceneDelegate.swift */; };
		7F875CD3248BF95200A0E9CB /* Main.storyboard in Resources */ = {isa = PBXBuildFile; fileRef = 7F875CD1248BF95200A0E9CB /* Main.storyboard */; };
		7F875CD6248BF95200A0E9CB /* AVAudioPlayer.xcdatamodeld in Sources */ = {isa = PBXBuildFile; fileRef = 7F875CD4248BF95200A0E9CB /* AVAudioPlayer.xcdatamodeld */; };
		7F875CD8248BF95400A0E9CB /* Assets.xcassets in Resources */ = {isa = PBXBuildFile; fileRef = 7F875CD7248BF95400A0E9CB /* Assets.xcassets */; };
		7F875CDB248BF95400A0E9CB /* LaunchScreen.storyboard in Resources */ = {isa = PBXBuildFile; fileRef = 7F875CD9248BF95400A0E9CB /* LaunchScreen.storyboard */; };
		7F875CE6248BF95400A0E9CB /* AVAudioPlayerTests.swift in Sources */ = {isa = PBXBuildFile; fileRef = 7F875CE5248BF95400A0E9CB /* AVAudioPlayerTests.swift */; };
		7F875CF1248BF95400A0E9CB /* AVAudioPlayerUITests.swift in Sources */ = {isa = PBXBuildFile; fileRef = 7F875CF0248BF95400A0E9CB /* AVAudioPlayerUITests.swift */; };
/* End PBXBuildFile section */

/* Begin PBXContainerItemProxy section */
		7F875CE2248BF95400A0E9CB /* PBXContainerItemProxy */ = {
			isa = PBXContainerItemProxy;
			containerPortal = 7F875CC0248BF95200A0E9CB /* Project object */;
			proxyType = 1;
			remoteGlobalIDString = 7F875CC7248BF95200A0E9CB;
			remoteInfo = AVAudioPlayer;
		};
		7F875CED248BF95400A0E9CB /* PBXContainerItemProxy */ = {
			isa = PBXContainerItemProxy;
			containerPortal = 7F875CC0248BF95200A0E9CB /* Project object */;
			proxyType = 1;
			remoteGlobalIDString = 7F875CC7248BF95200A0E9CB;
			remoteInfo = AVAudioPlayer;
		};
/* End PBXContainerItemProxy section */

/* Begin PBXFileReference section */
		7F20C17F248BFC500029A53B /* TableViewController.swift */ = {isa = PBXFileReference; lastKnownFileType = sourcecode.swift; path = TableViewController.swift; sourceTree = "<group>"; };
		7F20C181248BFC9D0029A53B /* AudioVisualizer.swift */ = {isa = PBXFileReference; fileEncoding = 4; lastKnownFileType = sourcecode.swift; path = AudioVisualizer.swift; sourceTree = "<group>"; };
		7F20C183248BFCAF0029A53B /* AudioRecorderController.swift */ = {isa = PBXFileReference; fileEncoding = 4; lastKnownFileType = sourcecode.swift; path = AudioRecorderController.swift; sourceTree = "<group>"; };
		7F20C185248BFD900029A53B /* piano.mp3 */ = {isa = PBXFileReference; lastKnownFileType = audio.mp3; path = piano.mp3; sourceTree = "<group>"; };
		7F20C189248C0DA80029A53B /* CustomNetworkRequest.swift */ = {isa = PBXFileReference; lastKnownFileType = sourcecode.swift; path = CustomNetworkRequest.swift; sourceTree = "<group>"; };
		7F875CC8248BF95200A0E9CB /* AVAudioPlayer.app */ = {isa = PBXFileReference; explicitFileType = wrapper.application; includeInIndex = 0; path = AVAudioPlayer.app; sourceTree = BUILT_PRODUCTS_DIR; };
		7F875CCB248BF95200A0E9CB /* AppDelegate.swift */ = {isa = PBXFileReference; lastKnownFileType = sourcecode.swift; path = AppDelegate.swift; sourceTree = "<group>"; };
		7F875CCD248BF95200A0E9CB /* SceneDelegate.swift */ = {isa = PBXFileReference; lastKnownFileType = sourcecode.swift; path = SceneDelegate.swift; sourceTree = "<group>"; };
		7F875CD2248BF95200A0E9CB /* Base */ = {isa = PBXFileReference; lastKnownFileType = file.storyboard; name = Base; path = Base.lproj/Main.storyboard; sourceTree = "<group>"; };
		7F875CD5248BF95200A0E9CB /* AVAudioPlayer.xcdatamodel */ = {isa = PBXFileReference; lastKnownFileType = wrapper.xcdatamodel; path = AVAudioPlayer.xcdatamodel; sourceTree = "<group>"; };
		7F875CD7248BF95400A0E9CB /* Assets.xcassets */ = {isa = PBXFileReference; lastKnownFileType = folder.assetcatalog; path = Assets.xcassets; sourceTree = "<group>"; };
		7F875CDA248BF95400A0E9CB /* Base */ = {isa = PBXFileReference; lastKnownFileType = file.storyboard; name = Base; path = Base.lproj/LaunchScreen.storyboard; sourceTree = "<group>"; };
		7F875CDC248BF95400A0E9CB /* Info.plist */ = {isa = PBXFileReference; lastKnownFileType = text.plist.xml; path = Info.plist; sourceTree = "<group>"; };
		7F875CE1248BF95400A0E9CB /* AVAudioPlayerTests.xctest */ = {isa = PBXFileReference; explicitFileType = wrapper.cfbundle; includeInIndex = 0; path = AVAudioPlayerTests.xctest; sourceTree = BUILT_PRODUCTS_DIR; };
		7F875CE5248BF95400A0E9CB /* AVAudioPlayerTests.swift */ = {isa = PBXFileReference; lastKnownFileType = sourcecode.swift; path = AVAudioPlayerTests.swift; sourceTree = "<group>"; };
		7F875CE7248BF95400A0E9CB /* Info.plist */ = {isa = PBXFileReference; lastKnownFileType = text.plist.xml; path = Info.plist; sourceTree = "<group>"; };
		7F875CEC248BF95400A0E9CB /* AVAudioPlayerUITests.xctest */ = {isa = PBXFileReference; explicitFileType = wrapper.cfbundle; includeInIndex = 0; path = AVAudioPlayerUITests.xctest; sourceTree = BUILT_PRODUCTS_DIR; };
		7F875CF0248BF95400A0E9CB /* AVAudioPlayerUITests.swift */ = {isa = PBXFileReference; lastKnownFileType = sourcecode.swift; path = AVAudioPlayerUITests.swift; sourceTree = "<group>"; };
		7F875CF2248BF95400A0E9CB /* Info.plist */ = {isa = PBXFileReference; lastKnownFileType = text.plist.xml; path = Info.plist; sourceTree = "<group>"; };
/* End PBXFileReference section */

/* Begin PBXFrameworksBuildPhase section */
		7F875CC5248BF95200A0E9CB /* Frameworks */ = {
			isa = PBXFrameworksBuildPhase;
			buildActionMask = 2147483647;
			files = (
			);
			runOnlyForDeploymentPostprocessing = 0;
		};
		7F875CDE248BF95400A0E9CB /* Frameworks */ = {
			isa = PBXFrameworksBuildPhase;
			buildActionMask = 2147483647;
			files = (
			);
			runOnlyForDeploymentPostprocessing = 0;
		};
		7F875CE9248BF95400A0E9CB /* Frameworks */ = {
			isa = PBXFrameworksBuildPhase;
			buildActionMask = 2147483647;
			files = (
			);
			runOnlyForDeploymentPostprocessing = 0;
		};
/* End PBXFrameworksBuildPhase section */

/* Begin PBXGroup section */
		7F875CBF248BF95200A0E9CB = {
			isa = PBXGroup;
			children = (
				7F875CCA248BF95200A0E9CB /* AVAudioPlayer */,
				7F875CE4248BF95400A0E9CB /* AVAudioPlayerTests */,
				7F875CEF248BF95400A0E9CB /* AVAudioPlayerUITests */,
				7F875CC9248BF95200A0E9CB /* Products */,
			);
			sourceTree = "<group>";
		};
		7F875CC9248BF95200A0E9CB /* Products */ = {
			isa = PBXGroup;
			children = (
				7F875CC8248BF95200A0E9CB /* AVAudioPlayer.app */,
				7F875CE1248BF95400A0E9CB /* AVAudioPlayerTests.xctest */,
				7F875CEC248BF95400A0E9CB /* AVAudioPlayerUITests.xctest */,
			);
			name = Products;
			sourceTree = "<group>";
		};
		7F875CCA248BF95200A0E9CB /* AVAudioPlayer */ = {
			isa = PBXGroup;
			children = (
				7F875D00248BFB3E00A0E9CB /* Models */,
				7F875CFF248BFB3600A0E9CB /* Views */,
				7F875CFE248BFB2C00A0E9CB /* Controllers */,
				7F875D01248BFB7100A0E9CB /* Resources */,
			);
			path = AVAudioPlayer;
			sourceTree = "<group>";
		};
		7F875CE4248BF95400A0E9CB /* AVAudioPlayerTests */ = {
			isa = PBXGroup;
			children = (
				7F875CE5248BF95400A0E9CB /* AVAudioPlayerTests.swift */,
				7F875CE7248BF95400A0E9CB /* Info.plist */,
			);
			path = AVAudioPlayerTests;
			sourceTree = "<group>";
		};
		7F875CEF248BF95400A0E9CB /* AVAudioPlayerUITests */ = {
			isa = PBXGroup;
			children = (
				7F875CF0248BF95400A0E9CB /* AVAudioPlayerUITests.swift */,
				7F875CF2248BF95400A0E9CB /* Info.plist */,
			);
			path = AVAudioPlayerUITests;
			sourceTree = "<group>";
		};
		7F875CFE248BFB2C00A0E9CB /* Controllers */ = {
			isa = PBXGroup;
			children = (
				7F20C183248BFCAF0029A53B /* AudioRecorderController.swift */,
				7F20C181248BFC9D0029A53B /* AudioVisualizer.swift */,
				7F20C17F248BFC500029A53B /* TableViewController.swift */,
			);
			name = Controllers;
			sourceTree = "<group>";
		};
		7F875CFF248BFB3600A0E9CB /* Views */ = {
			isa = PBXGroup;
			children = (
				7F875CD1248BF95200A0E9CB /* Main.storyboard */,
				7F875CD9248BF95400A0E9CB /* LaunchScreen.storyboard */,
			);
			name = Views;
			sourceTree = "<group>";
		};
		7F875D00248BFB3E00A0E9CB /* Models */ = {
			isa = PBXGroup;
			children = (
				7F875CD4248BF95200A0E9CB /* AVAudioPlayer.xcdatamodeld */,
				7F20C189248C0DA80029A53B /* CustomNetworkRequest.swift */,
			);
			name = Models;
			sourceTree = "<group>";
		};
		7F875D01248BFB7100A0E9CB /* Resources */ = {
			isa = PBXGroup;
			children = (
				7F875CCB248BF95200A0E9CB /* AppDelegate.swift */,
				7F875CCD248BF95200A0E9CB /* SceneDelegate.swift */,
				7F875CD7248BF95400A0E9CB /* Assets.xcassets */,
				7F875CDC248BF95400A0E9CB /* Info.plist */,
				7F20C185248BFD900029A53B /* piano.mp3 */,
			);
			name = Resources;
			sourceTree = "<group>";
		};
/* End PBXGroup section */

/* Begin PBXNativeTarget section */
		7F875CC7248BF95200A0E9CB /* AVAudioPlayer */ = {
			isa = PBXNativeTarget;
			buildConfigurationList = 7F875CF5248BF95400A0E9CB /* Build configuration list for PBXNativeTarget "AVAudioPlayer" */;
			buildPhases = (
				7F875CC4248BF95200A0E9CB /* Sources */,
				7F875CC5248BF95200A0E9CB /* Frameworks */,
				7F875CC6248BF95200A0E9CB /* Resources */,
			);
			buildRules = (
			);
			dependencies = (
			);
			name = AVAudioPlayer;
			productName = AVAudioPlayer;
			productReference = 7F875CC8248BF95200A0E9CB /* AVAudioPlayer.app */;
			productType = "com.apple.product-type.application";
		};
		7F875CE0248BF95400A0E9CB /* AVAudioPlayerTests */ = {
			isa = PBXNativeTarget;
			buildConfigurationList = 7F875CF8248BF95400A0E9CB /* Build configuration list for PBXNativeTarget "AVAudioPlayerTests" */;
			buildPhases = (
				7F875CDD248BF95400A0E9CB /* Sources */,
				7F875CDE248BF95400A0E9CB /* Frameworks */,
				7F875CDF248BF95400A0E9CB /* Resources */,
			);
			buildRules = (
			);
			dependencies = (
				7F875CE3248BF95400A0E9CB /* PBXTargetDependency */,
			);
			name = AVAudioPlayerTests;
			productName = AVAudioPlayerTests;
			productReference = 7F875CE1248BF95400A0E9CB /* AVAudioPlayerTests.xctest */;
			productType = "com.apple.product-type.bundle.unit-test";
		};
		7F875CEB248BF95400A0E9CB /* AVAudioPlayerUITests */ = {
			isa = PBXNativeTarget;
			buildConfigurationList = 7F875CFB248BF95400A0E9CB /* Build configuration list for PBXNativeTarget "AVAudioPlayerUITests" */;
			buildPhases = (
				7F875CE8248BF95400A0E9CB /* Sources */,
				7F875CE9248BF95400A0E9CB /* Frameworks */,
				7F875CEA248BF95400A0E9CB /* Resources */,
			);
			buildRules = (
			);
			dependencies = (
				7F875CEE248BF95400A0E9CB /* PBXTargetDependency */,
			);
			name = AVAudioPlayerUITests;
			productName = AVAudioPlayerUITests;
			productReference = 7F875CEC248BF95400A0E9CB /* AVAudioPlayerUITests.xctest */;
			productType = "com.apple.product-type.bundle.ui-testing";
		};
/* End PBXNativeTarget section */

/* Begin PBXProject section */
		7F875CC0248BF95200A0E9CB /* Project object */ = {
			isa = PBXProject;
			attributes = {
				LastSwiftUpdateCheck = 1150;
				LastUpgradeCheck = 1150;
				ORGANIZATIONNAME = "Casanova Studios";
				TargetAttributes = {
					7F875CC7248BF95200A0E9CB = {
						CreatedOnToolsVersion = 11.5;
					};
					7F875CE0248BF95400A0E9CB = {
						CreatedOnToolsVersion = 11.5;
						TestTargetID = 7F875CC7248BF95200A0E9CB;
					};
					7F875CEB248BF95400A0E9CB = {
						CreatedOnToolsVersion = 11.5;
						TestTargetID = 7F875CC7248BF95200A0E9CB;
					};
				};
			};
			buildConfigurationList = 7F875CC3248BF95200A0E9CB /* Build configuration list for PBXProject "AVAudioPlayer" */;
			compatibilityVersion = "Xcode 9.3";
			developmentRegion = en;
			hasScannedForEncodings = 0;
			knownRegions = (
				en,
				Base,
			);
			mainGroup = 7F875CBF248BF95200A0E9CB;
			productRefGroup = 7F875CC9248BF95200A0E9CB /* Products */;
			projectDirPath = "";
			projectRoot = "";
			targets = (
				7F875CC7248BF95200A0E9CB /* AVAudioPlayer */,
				7F875CE0248BF95400A0E9CB /* AVAudioPlayerTests */,
				7F875CEB248BF95400A0E9CB /* AVAudioPlayerUITests */,
			);
		};
/* End PBXProject section */

/* Begin PBXResourcesBuildPhase section */
		7F875CC6248BF95200A0E9CB /* Resources */ = {
			isa = PBXResourcesBuildPhase;
			buildActionMask = 2147483647;
			files = (
				7F875CDB248BF95400A0E9CB /* LaunchScreen.storyboard in Resources */,
				7F875CD8248BF95400A0E9CB /* Assets.xcassets in Resources */,
				7F20C186248BFD900029A53B /* piano.mp3 in Resources */,
				7F875CD3248BF95200A0E9CB /* Main.storyboard in Resources */,
			);
			runOnlyForDeploymentPostprocessing = 0;
		};
		7F875CDF248BF95400A0E9CB /* Resources */ = {
			isa = PBXResourcesBuildPhase;
			buildActionMask = 2147483647;
			files = (
			);
			runOnlyForDeploymentPostprocessing = 0;
		};
		7F875CEA248BF95400A0E9CB /* Resources */ = {
			isa = PBXResourcesBuildPhase;
			buildActionMask = 2147483647;
			files = (
			);
			runOnlyForDeploymentPostprocessing = 0;
		};
/* End PBXResourcesBuildPhase section */

/* Begin PBXSourcesBuildPhase section */
		7F875CC4248BF95200A0E9CB /* Sources */ = {
			isa = PBXSourcesBuildPhase;
			buildActionMask = 2147483647;
			files = (
				7F875CD6248BF95200A0E9CB /* AVAudioPlayer.xcdatamodeld in Sources */,
				7F875CCC248BF95200A0E9CB /* AppDelegate.swift in Sources */,
				7F875CCE248BF95200A0E9CB /* SceneDelegate.swift in Sources */,
				7F20C180248BFC500029A53B /* TableViewController.swift in Sources */,
				7F20C184248BFCAF0029A53B /* AudioRecorderController.swift in Sources */,
				7F20C182248BFC9D0029A53B /* AudioVisualizer.swift in Sources */,
				7F20C18A248C0DA80029A53B /* CustomNetworkRequest.swift in Sources */,
			);
			runOnlyForDeploymentPostprocessing = 0;
		};
		7F875CDD248BF95400A0E9CB /* Sources */ = {
			isa = PBXSourcesBuildPhase;
			buildActionMask = 2147483647;
			files = (
				7F875CE6248BF95400A0E9CB /* AVAudioPlayerTests.swift in Sources */,
			);
			runOnlyForDeploymentPostprocessing = 0;
		};
		7F875CE8248BF95400A0E9CB /* Sources */ = {
			isa = PBXSourcesBuildPhase;
			buildActionMask = 2147483647;
			files = (
				7F875CF1248BF95400A0E9CB /* AVAudioPlayerUITests.swift in Sources */,
			);
			runOnlyForDeploymentPostprocessing = 0;
		};
/* End PBXSourcesBuildPhase section */

/* Begin PBXTargetDependency section */
		7F875CE3248BF95400A0E9CB /* PBXTargetDependency */ = {
			isa = PBXTargetDependency;
			target = 7F875CC7248BF95200A0E9CB /* AVAudioPlayer */;
			targetProxy = 7F875CE2248BF95400A0E9CB /* PBXContainerItemProxy */;
		};
		7F875CEE248BF95400A0E9CB /* PBXTargetDependency */ = {
			isa = PBXTargetDependency;
			target = 7F875CC7248BF95200A0E9CB /* AVAudioPlayer */;
			targetProxy = 7F875CED248BF95400A0E9CB /* PBXContainerItemProxy */;
		};
/* End PBXTargetDependency section */

/* Begin PBXVariantGroup section */
		7F875CD1248BF95200A0E9CB /* Main.storyboard */ = {
			isa = PBXVariantGroup;
			children = (
				7F875CD2248BF95200A0E9CB /* Base */,
			);
			name = Main.storyboard;
			sourceTree = "<group>";
		};
		7F875CD9248BF95400A0E9CB /* LaunchScreen.storyboard */ = {
			isa = PBXVariantGroup;
			children = (
				7F875CDA248BF95400A0E9CB /* Base */,
			);
			name = LaunchScreen.storyboard;
			sourceTree = "<group>";
		};
/* End PBXVariantGroup section */

/* Begin XCBuildConfiguration section */
		7F875CF3248BF95400A0E9CB /* Debug */ = {
			isa = XCBuildConfiguration;
			buildSettings = {
				ALWAYS_SEARCH_USER_PATHS = NO;
				CLANG_ANALYZER_NONNULL = YES;
				CLANG_ANALYZER_NUMBER_OBJECT_CONVERSION = YES_AGGRESSIVE;
				CLANG_CXX_LANGUAGE_STANDARD = "gnu++14";
				CLANG_CXX_LIBRARY = "libc++";
				CLANG_ENABLE_MODULES = YES;
				CLANG_ENABLE_OBJC_ARC = YES;
				CLANG_ENABLE_OBJC_WEAK = YES;
				CLANG_WARN_BLOCK_CAPTURE_AUTORELEASING = YES;
				CLANG_WARN_BOOL_CONVERSION = YES;
				CLANG_WARN_COMMA = YES;
				CLANG_WARN_CONSTANT_CONVERSION = YES;
				CLANG_WARN_DEPRECATED_OBJC_IMPLEMENTATIONS = YES;
				CLANG_WARN_DIRECT_OBJC_ISA_USAGE = YES_ERROR;
				CLANG_WARN_DOCUMENTATION_COMMENTS = YES;
				CLANG_WARN_EMPTY_BODY = YES;
				CLANG_WARN_ENUM_CONVERSION = YES;
				CLANG_WARN_INFINITE_RECURSION = YES;
				CLANG_WARN_INT_CONVERSION = YES;
				CLANG_WARN_NON_LITERAL_NULL_CONVERSION = YES;
				CLANG_WARN_OBJC_IMPLICIT_RETAIN_SELF = YES;
				CLANG_WARN_OBJC_LITERAL_CONVERSION = YES;
				CLANG_WARN_OBJC_ROOT_CLASS = YES_ERROR;
				CLANG_WARN_RANGE_LOOP_ANALYSIS = YES;
				CLANG_WARN_STRICT_PROTOTYPES = YES;
				CLANG_WARN_SUSPICIOUS_MOVE = YES;
				CLANG_WARN_UNGUARDED_AVAILABILITY = YES_AGGRESSIVE;
				CLANG_WARN_UNREACHABLE_CODE = YES;
				CLANG_WARN__DUPLICATE_METHOD_MATCH = YES;
				COPY_PHASE_STRIP = NO;
				DEBUG_INFORMATION_FORMAT = dwarf;
				ENABLE_STRICT_OBJC_MSGSEND = YES;
				ENABLE_TESTABILITY = YES;
				GCC_C_LANGUAGE_STANDARD = gnu11;
				GCC_DYNAMIC_NO_PIC = NO;
				GCC_NO_COMMON_BLOCKS = YES;
				GCC_OPTIMIZATION_LEVEL = 0;
				GCC_PREPROCESSOR_DEFINITIONS = (
					"DEBUG=1",
					"$(inherited)",
				);
				GCC_WARN_64_TO_32_BIT_CONVERSION = YES;
				GCC_WARN_ABOUT_RETURN_TYPE = YES_ERROR;
				GCC_WARN_UNDECLARED_SELECTOR = YES;
				GCC_WARN_UNINITIALIZED_AUTOS = YES_AGGRESSIVE;
				GCC_WARN_UNUSED_FUNCTION = YES;
				GCC_WARN_UNUSED_VARIABLE = YES;
				IPHONEOS_DEPLOYMENT_TARGET = 13.5;
				MTL_ENABLE_DEBUG_INFO = INCLUDE_SOURCE;
				MTL_FAST_MATH = YES;
				ONLY_ACTIVE_ARCH = YES;
				SDKROOT = iphoneos;
				SWIFT_ACTIVE_COMPILATION_CONDITIONS = DEBUG;
				SWIFT_OPTIMIZATION_LEVEL = "-Onone";
			};
			name = Debug;
		};
		7F875CF4248BF95400A0E9CB /* Release */ = {
			isa = XCBuildConfiguration;
			buildSettings = {
				ALWAYS_SEARCH_USER_PATHS = NO;
				CLANG_ANALYZER_NONNULL = YES;
				CLANG_ANALYZER_NUMBER_OBJECT_CONVERSION = YES_AGGRESSIVE;
				CLANG_CXX_LANGUAGE_STANDARD = "gnu++14";
				CLANG_CXX_LIBRARY = "libc++";
				CLANG_ENABLE_MODULES = YES;
				CLANG_ENABLE_OBJC_ARC = YES;
				CLANG_ENABLE_OBJC_WEAK = YES;
				CLANG_WARN_BLOCK_CAPTURE_AUTORELEASING = YES;
				CLANG_WARN_BOOL_CONVERSION = YES;
				CLANG_WARN_COMMA = YES;
				CLANG_WARN_CONSTANT_CONVERSION = YES;
				CLANG_WARN_DEPRECATED_OBJC_IMPLEMENTATIONS = YES;
				CLANG_WARN_DIRECT_OBJC_ISA_USAGE = YES_ERROR;
				CLANG_WARN_DOCUMENTATION_COMMENTS = YES;
				CLANG_WARN_EMPTY_BODY = YES;
				CLANG_WARN_ENUM_CONVERSION = YES;
				CLANG_WARN_INFINITE_RECURSION = YES;
				CLANG_WARN_INT_CONVERSION = YES;
				CLANG_WARN_NON_LITERAL_NULL_CONVERSION = YES;
				CLANG_WARN_OBJC_IMPLICIT_RETAIN_SELF = YES;
				CLANG_WARN_OBJC_LITERAL_CONVERSION = YES;
				CLANG_WARN_OBJC_ROOT_CLASS = YES_ERROR;
				CLANG_WARN_RANGE_LOOP_ANALYSIS = YES;
				CLANG_WARN_STRICT_PROTOTYPES = YES;
				CLANG_WARN_SUSPICIOUS_MOVE = YES;
				CLANG_WARN_UNGUARDED_AVAILABILITY = YES_AGGRESSIVE;
				CLANG_WARN_UNREACHABLE_CODE = YES;
				CLANG_WARN__DUPLICATE_METHOD_MATCH = YES;
				COPY_PHASE_STRIP = NO;
				DEBUG_INFORMATION_FORMAT = "dwarf-with-dsym";
				ENABLE_NS_ASSERTIONS = NO;
				ENABLE_STRICT_OBJC_MSGSEND = YES;
				GCC_C_LANGUAGE_STANDARD = gnu11;
				GCC_NO_COMMON_BLOCKS = YES;
				GCC_WARN_64_TO_32_BIT_CONVERSION = YES;
				GCC_WARN_ABOUT_RETURN_TYPE = YES_ERROR;
				GCC_WARN_UNDECLARED_SELECTOR = YES;
				GCC_WARN_UNINITIALIZED_AUTOS = YES_AGGRESSIVE;
				GCC_WARN_UNUSED_FUNCTION = YES;
				GCC_WARN_UNUSED_VARIABLE = YES;
				IPHONEOS_DEPLOYMENT_TARGET = 13.5;
				MTL_ENABLE_DEBUG_INFO = NO;
				MTL_FAST_MATH = YES;
				SDKROOT = iphoneos;
				SWIFT_COMPILATION_MODE = wholemodule;
				SWIFT_OPTIMIZATION_LEVEL = "-O";
				VALIDATE_PRODUCT = YES;
			};
			name = Release;
		};
		7F875CF6248BF95400A0E9CB /* Debug */ = {
			isa = XCBuildConfiguration;
			buildSettings = {
				ASSETCATALOG_COMPILER_APPICON_NAME = AppIcon;
				CODE_SIGN_STYLE = Automatic;
				DEVELOPMENT_TEAM = HL3XLM68NV;
				INFOPLIST_FILE = AVAudioPlayer/Info.plist;
				LD_RUNPATH_SEARCH_PATHS = (
					"$(inherited)",
					"@executable_path/Frameworks",
				);
				PRODUCT_BUNDLE_IDENTIFIER = CasanovaStudios.AVAudioPlayer;
				PRODUCT_NAME = "$(TARGET_NAME)";
				SWIFT_VERSION = 5.0;
				TARGETED_DEVICE_FAMILY = "1,2";
			};
			name = Debug;
		};
		7F875CF7248BF95400A0E9CB /* Release */ = {
			isa = XCBuildConfiguration;
			buildSettings = {
				ASSETCATALOG_COMPILER_APPICON_NAME = AppIcon;
				CODE_SIGN_STYLE = Automatic;
				DEVELOPMENT_TEAM = HL3XLM68NV;
				INFOPLIST_FILE = AVAudioPlayer/Info.plist;
				LD_RUNPATH_SEARCH_PATHS = (
					"$(inherited)",
					"@executable_path/Frameworks",
				);
				PRODUCT_BUNDLE_IDENTIFIER = CasanovaStudios.AVAudioPlayer;
				PRODUCT_NAME = "$(TARGET_NAME)";
				SWIFT_VERSION = 5.0;
				TARGETED_DEVICE_FAMILY = "1,2";
			};
			name = Release;
		};
		7F875CF9248BF95400A0E9CB /* Debug */ = {
			isa = XCBuildConfiguration;
			buildSettings = {
				ALWAYS_EMBED_SWIFT_STANDARD_LIBRARIES = YES;
				BUNDLE_LOADER = "$(TEST_HOST)";
				CODE_SIGN_STYLE = Automatic;
				DEVELOPMENT_TEAM = HL3XLM68NV;
				INFOPLIST_FILE = AVAudioPlayerTests/Info.plist;
				IPHONEOS_DEPLOYMENT_TARGET = 13.5;
				LD_RUNPATH_SEARCH_PATHS = (
					"$(inherited)",
					"@executable_path/Frameworks",
					"@loader_path/Frameworks",
				);
				PRODUCT_BUNDLE_IDENTIFIER = CasanovaStudios.AVAudioPlayerTests;
				PRODUCT_NAME = "$(TARGET_NAME)";
				SWIFT_VERSION = 5.0;
				TARGETED_DEVICE_FAMILY = "1,2";
				TEST_HOST = "$(BUILT_PRODUCTS_DIR)/AVAudioPlayer.app/AVAudioPlayer";
			};
			name = Debug;
		};
		7F875CFA248BF95400A0E9CB /* Release */ = {
			isa = XCBuildConfiguration;
			buildSettings = {
				ALWAYS_EMBED_SWIFT_STANDARD_LIBRARIES = YES;
				BUNDLE_LOADER = "$(TEST_HOST)";
				CODE_SIGN_STYLE = Automatic;
				DEVELOPMENT_TEAM = HL3XLM68NV;
				INFOPLIST_FILE = AVAudioPlayerTests/Info.plist;
				IPHONEOS_DEPLOYMENT_TARGET = 13.5;
				LD_RUNPATH_SEARCH_PATHS = (
					"$(inherited)",
					"@executable_path/Frameworks",
					"@loader_path/Frameworks",
				);
				PRODUCT_BUNDLE_IDENTIFIER = CasanovaStudios.AVAudioPlayerTests;
				PRODUCT_NAME = "$(TARGET_NAME)";
				SWIFT_VERSION = 5.0;
				TARGETED_DEVICE_FAMILY = "1,2";
				TEST_HOST = "$(BUILT_PRODUCTS_DIR)/AVAudioPlayer.app/AVAudioPlayer";
			};
			name = Release;
		};
		7F875CFC248BF95400A0E9CB /* Debug */ = {
			isa = XCBuildConfiguration;
			buildSettings = {
				ALWAYS_EMBED_SWIFT_STANDARD_LIBRARIES = YES;
				CODE_SIGN_STYLE = Automatic;
				DEVELOPMENT_TEAM = HL3XLM68NV;
				INFOPLIST_FILE = AVAudioPlayerUITests/Info.plist;
				LD_RUNPATH_SEARCH_PATHS = (
					"$(inherited)",
					"@executable_path/Frameworks",
					"@loader_path/Frameworks",
				);
				PRODUCT_BUNDLE_IDENTIFIER = CasanovaStudios.AVAudioPlayerUITests;
				PRODUCT_NAME = "$(TARGET_NAME)";
				SWIFT_VERSION = 5.0;
				TARGETED_DEVICE_FAMILY = "1,2";
				TEST_TARGET_NAME = AVAudioPlayer;
			};
			name = Debug;
		};
		7F875CFD248BF95400A0E9CB /* Release */ = {
			isa = XCBuildConfiguration;
			buildSettings = {
				ALWAYS_EMBED_SWIFT_STANDARD_LIBRARIES = YES;
				CODE_SIGN_STYLE = Automatic;
				DEVELOPMENT_TEAM = HL3XLM68NV;
				INFOPLIST_FILE = AVAudioPlayerUITests/Info.plist;
				LD_RUNPATH_SEARCH_PATHS = (
					"$(inherited)",
					"@executable_path/Frameworks",
					"@loader_path/Frameworks",
				);
				PRODUCT_BUNDLE_IDENTIFIER = CasanovaStudios.AVAudioPlayerUITests;
				PRODUCT_NAME = "$(TARGET_NAME)";
				SWIFT_VERSION = 5.0;
				TARGETED_DEVICE_FAMILY = "1,2";
				TEST_TARGET_NAME = AVAudioPlayer;
			};
			name = Release;
		};
/* End XCBuildConfiguration section */

/* Begin XCConfigurationList section */
		7F875CC3248BF95200A0E9CB /* Build configuration list for PBXProject "AVAudioPlayer" */ = {
			isa = XCConfigurationList;
			buildConfigurations = (
				7F875CF3248BF95400A0E9CB /* Debug */,
				7F875CF4248BF95400A0E9CB /* Release */,
			);
			defaultConfigurationIsVisible = 0;
			defaultConfigurationName = Release;
		};
		7F875CF5248BF95400A0E9CB /* Build configuration list for PBXNativeTarget "AVAudioPlayer" */ = {
			isa = XCConfigurationList;
			buildConfigurations = (
				7F875CF6248BF95400A0E9CB /* Debug */,
				7F875CF7248BF95400A0E9CB /* Release */,
			);
			defaultConfigurationIsVisible = 0;
			defaultConfigurationName = Release;
		};
		7F875CF8248BF95400A0E9CB /* Build configuration list for PBXNativeTarget "AVAudioPlayerTests" */ = {
			isa = XCConfigurationList;
			buildConfigurations = (
				7F875CF9248BF95400A0E9CB /* Debug */,
				7F875CFA248BF95400A0E9CB /* Release */,
			);
			defaultConfigurationIsVisible = 0;
			defaultConfigurationName = Release;
		};
		7F875CFB248BF95400A0E9CB /* Build configuration list for PBXNativeTarget "AVAudioPlayerUITests" */ = {
			isa = XCConfigurationList;
			buildConfigurations = (
				7F875CFC248BF95400A0E9CB /* Debug */,
				7F875CFD248BF95400A0E9CB /* Release */,
			);
			defaultConfigurationIsVisible = 0;
			defaultConfigurationName = Release;
		};
/* End XCConfigurationList section */

/* Begin XCVersionGroup section */
		7F875CD4248BF95200A0E9CB /* AVAudioPlayer.xcdatamodeld */ = {
			isa = XCVersionGroup;
			children = (
				7F875CD5248BF95200A0E9CB /* AVAudioPlayer.xcdatamodel */,
			);
			currentVersion = 7F875CD5248BF95200A0E9CB /* AVAudioPlayer.xcdatamodel */;
			path = AVAudioPlayer.xcdatamodeld;
			sourceTree = "<group>";
			versionGroupType = wrapper.xcdatamodel;
		};
/* End XCVersionGroup section */
	};
	rootObject = 7F875CC0248BF95200A0E9CB /* Project object */;
}
